
Microsoft Visual Studio Solution File, Format Version 12.00
# Visual Studio Version 16
VisualStudioVersion = 16.0.30523.141
MinimumVisualStudioVersion = 10.0.40219.1
Project("{FAE04EC0-301F-11D3-BF4B-00C04F79EFBC}") = "CC", "CC.csproj", "{650AE3CC-E0C6-43FD-B410-DF4D82F9D19A}"
EndProject
Project("{9A19103F-16F7-4668-BE54-9A1E7A4F7556}") = "Commons", "..\Commons\Commons.csproj", "{9645D2C1-1DC7-44BE-88EF-0B8888CB7DFE}"
EndProject
Global
	GlobalSection(SolutionConfigurationPlatforms) = preSolution
		Debug|Any CPU = Debug|Any CPU
		Release|Any CPU = Release|Any CPU
	EndGlobalSection
	GlobalSection(ProjectConfigurationPlatforms) = postSolution
		{650AE3CC-E0C6-43FD-B410-DF4D82F9D19A}.Debug|Any CPU.ActiveCfg = Debug|Any CPU
		{650AE3CC-E0C6-43FD-B410-DF4D82F9D19A}.Debug|Any CPU.Build.0 = Debug|Any CPU
		{650AE3CC-E0C6-43FD-B410-DF4D82F9D19A}.Release|Any CPU.ActiveCfg = Release|Any CPU
		{650AE3CC-E0C6-43FD-B410-DF4D82F9D19A}.Release|Any CPU.Build.0 = Release|Any CPU
		{9645D2C1-1DC7-44BE-88EF-0B8888CB7DFE}.Debug|Any CPU.ActiveCfg = Debug|Any CPU
		{9645D2C1-1DC7-44BE-88EF-0B8888CB7DFE}.Debug|Any CPU.Build.0 = Debug|Any CPU
		{9645D2C1-1DC7-44BE-88EF-0B8888CB7DFE}.Release|Any CPU.ActiveCfg = Release|Any CPU
		{9645D2C1-1DC7-44BE-88EF-0B8888CB7DFE}.Release|Any CPU.Build.0 = Release|Any CPU
	EndGlobalSection
	GlobalSection(SolutionProperties) = preSolution
		HideSolutionNode = FALSE
	EndGlobalSection
	GlobalSection(ExtensibilityGlobals) = postSolution
		SolutionGuid = {FA45CC2F-890B-43F0-9F5A-DCC8D919B256}
	EndGlobalSection
EndGlobal
