
Microsoft Visual Studio Solution File, Format Version 12.00
# Visual Studio Version 16
VisualStudioVersion = 16.0.808.5
MinimumVisualStudioVersion = 10.0.40219.1
Project("{FAE04EC0-301F-11D3-BF4B-00C04F79EFBC}") = "NCC", "NCC.csproj", "{32AB083D-FC56-46A0-BEA0-1FC97643F307}"
EndProject
Global
	GlobalSection(SolutionConfigurationPlatforms) = preSolution
		Debug|Any CPU = Debug|Any CPU
		Release|Any CPU = Release|Any CPU
	EndGlobalSection
	GlobalSection(ProjectConfigurationPlatforms) = postSolution
		{32AB083D-FC56-46A0-BEA0-1FC97643F307}.Debug|Any CPU.ActiveCfg = Debug|Any CPU
		{32AB083D-FC56-46A0-BEA0-1FC97643F307}.Debug|Any CPU.Build.0 = Debug|Any CPU
		{32AB083D-FC56-46A0-BEA0-1FC97643F307}.Release|Any CPU.ActiveCfg = Release|Any CPU
		{32AB083D-FC56-46A0-BEA0-1FC97643F307}.Release|Any CPU.Build.0 = Release|Any CPU
	EndGlobalSection
	GlobalSection(SolutionProperties) = preSolution
		HideSolutionNode = FALSE
	EndGlobalSection
	GlobalSection(ExtensibilityGlobals) = postSolution
		SolutionGuid = {74313698-4F09-4591-B3BF-F90A311C6C41}
	EndGlobalSection
EndGlobal
